
Microsoft Visual Studio Solution File, Format Version 12.00
# Visual Studio 15
VisualStudioVersion = 15.0.28307.902
MinimumVisualStudioVersion = 10.0.40219.1
Project("{9A19103F-16F7-4668-BE54-9A1E7A4F7556}") = "From beginner to specialist", "from beginner to specialist\From beginner to specialist.csproj", "{A3D168C6-420B-4A1B-AB96-6E0D75585518}"
EndProject
Project("{9A19103F-16F7-4668-BE54-9A1E7A4F7556}") = "Literals", "Literals\Literals.csproj", "{2A6BABB1-ADF2-42D3-BD87-713CFFA083C9}"
EndProject
Project("{9A19103F-16F7-4668-BE54-9A1E7A4F7556}") = "Area of ​​Visibility Variables", "Area of ​​Visibility Variables\Area of ​​Visibility Variables.csproj", "{AC992A3B-5A9B-4927-B9C0-2825CF922484}"
EndProject
Project("{9A19103F-16F7-4668-BE54-9A1E7A4F7556}") = "Repletion", "Repletion\Repletion.csproj", "{C04749C1-FBCF-44C4-B5B9-467CB74BDA1A}"
EndProject
Project("{9A19103F-16F7-4668-BE54-9A1E7A4F7556}") = "Algebraic operations", "Algebraic operations\Algebraic operations.csproj", "{1137072E-F7CB-4E9E-BBF3-E7844F0B2660}"
EndProject
Project("{9A19103F-16F7-4668-BE54-9A1E7A4F7556}") = "Instance and Static Methods", "Instance and Static Methods\Instance and Static Methods.csproj", "{1BEBDB68-D4B0-4027-BDF4-AA26989C2FF7}"
EndProject
Project("{9A19103F-16F7-4668-BE54-9A1E7A4F7556}") = "Basic String API", "Basic String API\Basic String API.csproj", "{4065F5B3-5487-427E-A507-112028EAB92B}"
EndProject
Project("{9A19103F-16F7-4668-BE54-9A1E7A4F7556}") = "Empty line", "Empty line\Empty line.csproj", "{2856CB69-B96D-4496-9507-8BE8405BF3BE}"
EndProject
Project("{FAE04EC0-301F-11D3-BF4B-00C04F79EFBC}") = "Line change", "Line change\Line change.csproj", "{0B184845-A6BC-4D4B-9C4D-7ACB323014E0}"
EndProject
Project("{FAE04EC0-301F-11D3-BF4B-00C04F79EFBC}") = "String Builder", "String Builder\String Builder.csproj", "{22F14A04-3E48-4F6A-8848-5B9BF135A86B}"
EndProject
Project("{FAE04EC0-301F-11D3-BF4B-00C04F79EFBC}") = "String formatting", "String formatting\String formatting.csproj", "{FFA57D3F-5862-48E2-B896-4758F3B31C69}"
EndProject
Project("{FAE04EC0-301F-11D3-BF4B-00C04F79EFBC}") = "String comparison", "String comparison\String comparison.csproj", "{9A54E016-EB3B-4CEC-89D6-3C0656152680}"
EndProject
Project("{FAE04EC0-301F-11D3-BF4B-00C04F79EFBC}") = "We work with the console", "We work with the console\We work with the console.csproj", "{5277849F-4A12-4131-ACCB-A8870680AB0F}"
EndProject
Global
	GlobalSection(SolutionConfigurationPlatforms) = preSolution
		Debug|Any CPU = Debug|Any CPU
		Release|Any CPU = Release|Any CPU
	EndGlobalSection
	GlobalSection(ProjectConfigurationPlatforms) = postSolution
		{A3D168C6-420B-4A1B-AB96-6E0D75585518}.Debug|Any CPU.ActiveCfg = Debug|Any CPU
		{A3D168C6-420B-4A1B-AB96-6E0D75585518}.Debug|Any CPU.Build.0 = Debug|Any CPU
		{A3D168C6-420B-4A1B-AB96-6E0D75585518}.Release|Any CPU.ActiveCfg = Release|Any CPU
		{A3D168C6-420B-4A1B-AB96-6E0D75585518}.Release|Any CPU.Build.0 = Release|Any CPU
		{2A6BABB1-ADF2-42D3-BD87-713CFFA083C9}.Debug|Any CPU.ActiveCfg = Debug|Any CPU
		{2A6BABB1-ADF2-42D3-BD87-713CFFA083C9}.Debug|Any CPU.Build.0 = Debug|Any CPU
		{2A6BABB1-ADF2-42D3-BD87-713CFFA083C9}.Release|Any CPU.ActiveCfg = Release|Any CPU
		{2A6BABB1-ADF2-42D3-BD87-713CFFA083C9}.Release|Any CPU.Build.0 = Release|Any CPU
		{AC992A3B-5A9B-4927-B9C0-2825CF922484}.Debug|Any CPU.ActiveCfg = Debug|Any CPU
		{AC992A3B-5A9B-4927-B9C0-2825CF922484}.Debug|Any CPU.Build.0 = Debug|Any CPU
		{AC992A3B-5A9B-4927-B9C0-2825CF922484}.Release|Any CPU.ActiveCfg = Release|Any CPU
		{AC992A3B-5A9B-4927-B9C0-2825CF922484}.Release|Any CPU.Build.0 = Release|Any CPU
		{C04749C1-FBCF-44C4-B5B9-467CB74BDA1A}.Debug|Any CPU.ActiveCfg = Debug|Any CPU
		{C04749C1-FBCF-44C4-B5B9-467CB74BDA1A}.Debug|Any CPU.Build.0 = Debug|Any CPU
		{C04749C1-FBCF-44C4-B5B9-467CB74BDA1A}.Release|Any CPU.ActiveCfg = Release|Any CPU
		{C04749C1-FBCF-44C4-B5B9-467CB74BDA1A}.Release|Any CPU.Build.0 = Release|Any CPU
		{1137072E-F7CB-4E9E-BBF3-E7844F0B2660}.Debug|Any CPU.ActiveCfg = Debug|Any CPU
		{1137072E-F7CB-4E9E-BBF3-E7844F0B2660}.Debug|Any CPU.Build.0 = Debug|Any CPU
		{1137072E-F7CB-4E9E-BBF3-E7844F0B2660}.Release|Any CPU.ActiveCfg = Release|Any CPU
		{1137072E-F7CB-4E9E-BBF3-E7844F0B2660}.Release|Any CPU.Build.0 = Release|Any CPU
		{1BEBDB68-D4B0-4027-BDF4-AA26989C2FF7}.Debug|Any CPU.ActiveCfg = Debug|Any CPU
		{1BEBDB68-D4B0-4027-BDF4-AA26989C2FF7}.Debug|Any CPU.Build.0 = Debug|Any CPU
		{1BEBDB68-D4B0-4027-BDF4-AA26989C2FF7}.Release|Any CPU.ActiveCfg = Release|Any CPU
		{1BEBDB68-D4B0-4027-BDF4-AA26989C2FF7}.Release|Any CPU.Build.0 = Release|Any CPU
		{4065F5B3-5487-427E-A507-112028EAB92B}.Debug|Any CPU.ActiveCfg = Debug|Any CPU
		{4065F5B3-5487-427E-A507-112028EAB92B}.Debug|Any CPU.Build.0 = Debug|Any CPU
		{4065F5B3-5487-427E-A507-112028EAB92B}.Release|Any CPU.ActiveCfg = Release|Any CPU
		{4065F5B3-5487-427E-A507-112028EAB92B}.Release|Any CPU.Build.0 = Release|Any CPU
		{2856CB69-B96D-4496-9507-8BE8405BF3BE}.Debug|Any CPU.ActiveCfg = Debug|Any CPU
		{2856CB69-B96D-4496-9507-8BE8405BF3BE}.Debug|Any CPU.Build.0 = Debug|Any CPU
		{2856CB69-B96D-4496-9507-8BE8405BF3BE}.Release|Any CPU.ActiveCfg = Release|Any CPU
		{2856CB69-B96D-4496-9507-8BE8405BF3BE}.Release|Any CPU.Build.0 = Release|Any CPU
		{0B184845-A6BC-4D4B-9C4D-7ACB323014E0}.Debug|Any CPU.ActiveCfg = Debug|Any CPU
		{0B184845-A6BC-4D4B-9C4D-7ACB323014E0}.Debug|Any CPU.Build.0 = Debug|Any CPU
		{0B184845-A6BC-4D4B-9C4D-7ACB323014E0}.Release|Any CPU.ActiveCfg = Release|Any CPU
		{0B184845-A6BC-4D4B-9C4D-7ACB323014E0}.Release|Any CPU.Build.0 = Release|Any CPU
		{22F14A04-3E48-4F6A-8848-5B9BF135A86B}.Debug|Any CPU.ActiveCfg = Debug|Any CPU
		{22F14A04-3E48-4F6A-8848-5B9BF135A86B}.Debug|Any CPU.Build.0 = Debug|Any CPU
		{22F14A04-3E48-4F6A-8848-5B9BF135A86B}.Release|Any CPU.ActiveCfg = Release|Any CPU
		{22F14A04-3E48-4F6A-8848-5B9BF135A86B}.Release|Any CPU.Build.0 = Release|Any CPU
		{FFA57D3F-5862-48E2-B896-4758F3B31C69}.Debug|Any CPU.ActiveCfg = Debug|Any CPU
		{FFA57D3F-5862-48E2-B896-4758F3B31C69}.Debug|Any CPU.Build.0 = Debug|Any CPU
		{FFA57D3F-5862-48E2-B896-4758F3B31C69}.Release|Any CPU.ActiveCfg = Release|Any CPU
		{FFA57D3F-5862-48E2-B896-4758F3B31C69}.Release|Any CPU.Build.0 = Release|Any CPU
		{9A54E016-EB3B-4CEC-89D6-3C0656152680}.Debug|Any CPU.ActiveCfg = Debug|Any CPU
		{9A54E016-EB3B-4CEC-89D6-3C0656152680}.Debug|Any CPU.Build.0 = Debug|Any CPU
		{9A54E016-EB3B-4CEC-89D6-3C0656152680}.Release|Any CPU.ActiveCfg = Release|Any CPU
		{9A54E016-EB3B-4CEC-89D6-3C0656152680}.Release|Any CPU.Build.0 = Release|Any CPU
		{5277849F-4A12-4131-ACCB-A8870680AB0F}.Debug|Any CPU.ActiveCfg = Debug|Any CPU
		{5277849F-4A12-4131-ACCB-A8870680AB0F}.Debug|Any CPU.Build.0 = Debug|Any CPU
		{5277849F-4A12-4131-ACCB-A8870680AB0F}.Release|Any CPU.ActiveCfg = Release|Any CPU
		{5277849F-4A12-4131-ACCB-A8870680AB0F}.Release|Any CPU.Build.0 = Release|Any CPU
	EndGlobalSection
	GlobalSection(SolutionProperties) = preSolution
		HideSolutionNode = FALSE
	EndGlobalSection
	GlobalSection(ExtensibilityGlobals) = postSolution
		SolutionGuid = {549E596C-0415-44B0-A75B-01DE9A58258B}
	EndGlobalSection
EndGlobal
