
Microsoft Visual Studio Solution File, Format Version 12.00
# Visual Studio 15
VisualStudioVersion = 15.0.28307.902
MinimumVisualStudioVersion = 10.0.40219.1
Project("{FAE04EC0-301F-11D3-BF4B-00C04F79EFBC}") = "from beginner to specialist", "from beginner to specialist\from beginner to specialist.csproj", "{A3D168C6-420B-4A1B-AB96-6E0D75585518}"
EndProject
Global
	GlobalSection(SolutionConfigurationPlatforms) = preSolution
		Debug|Any CPU = Debug|Any CPU
		Release|Any CPU = Release|Any CPU
	EndGlobalSection
	GlobalSection(ProjectConfigurationPlatforms) = postSolution
		{A3D168C6-420B-4A1B-AB96-6E0D75585518}.Debug|Any CPU.ActiveCfg = Debug|Any CPU
		{A3D168C6-420B-4A1B-AB96-6E0D75585518}.Debug|Any CPU.Build.0 = Debug|Any CPU
		{A3D168C6-420B-4A1B-AB96-6E0D75585518}.Release|Any CPU.ActiveCfg = Release|Any CPU
		{A3D168C6-420B-4A1B-AB96-6E0D75585518}.Release|Any CPU.Build.0 = Release|Any CPU
	EndGlobalSection
	GlobalSection(SolutionProperties) = preSolution
		HideSolutionNode = FALSE
	EndGlobalSection
	GlobalSection(ExtensibilityGlobals) = postSolution
		SolutionGuid = {549E596C-0415-44B0-A75B-01DE9A58258B}
	EndGlobalSection
EndGlobal
